
Microsoft Visual Studio Solution File, Format Version 12.00
# Visual Studio Version 16
VisualStudioVersion = 16.0.31613.86
MinimumVisualStudioVersion = 10.0.40219.1
Project("{FAE04EC0-301F-11D3-BF4B-00C04F79EFBC}") = "MinhaCDN_Challenge", "MinhaCDN_Challenge.csproj", "{5D81089B-65F5-4D99-91B4-307E469A33FB}"
EndProject
Global
	GlobalSection(SolutionConfigurationPlatforms) = preSolution
		Debug|Any CPU = Debug|Any CPU
		Release|Any CPU = Release|Any CPU
	EndGlobalSection
	GlobalSection(ProjectConfigurationPlatforms) = postSolution
		{5D81089B-65F5-4D99-91B4-307E469A33FB}.Debug|Any CPU.ActiveCfg = Debug|Any CPU
		{5D81089B-65F5-4D99-91B4-307E469A33FB}.Debug|Any CPU.Build.0 = Debug|Any CPU
		{5D81089B-65F5-4D99-91B4-307E469A33FB}.Release|Any CPU.ActiveCfg = Release|Any CPU
		{5D81089B-65F5-4D99-91B4-307E469A33FB}.Release|Any CPU.Build.0 = Release|Any CPU
	EndGlobalSection
	GlobalSection(SolutionProperties) = preSolution
		HideSolutionNode = FALSE
	EndGlobalSection
	GlobalSection(ExtensibilityGlobals) = postSolution
		SolutionGuid = {2F1DFAF9-671A-4D19-BABD-F4ADD77BD7DD}
	EndGlobalSection
EndGlobal
